{
    "_meta": {
        "hash": {
            "sha256": "c3a806ff1a059d6d8585468585cd40838506aed5b683f410896b685a92b8c313"
        },
        "pipfile-spec": 6,
        "requires": {
            "python_version": "3.8"
        },
        "sources": [
            {
                "name": "pypi",
                "url": "https://pypi.org/simple",
                "verify_ssl": true
            }
        ]
    },
    "default": {
        "colorcorrect": {
            "hashes": [
                "sha256:a12bdd9dd71d2c0c29db5fc1a4b6452ffa53a82b22735985924218cb71674bb6"
            ],
            "index": "pypi",
            "version": "==0.9.1"
        },
        "cycler": {
            "hashes": [
                "sha256:1d8a5ae1ff6c5cf9b93e8811e581232ad8920aeec647c37316ceac982b08cb2d",
                "sha256:cd7b2d1018258d7247a71425e9f26463dfb444d411c39569972f4ce586b0c9d8"
            ],
            "version": "==0.10.0"
        },
        "decorator": {
            "hashes": [
                "sha256:41fa54c2a0cc4ba648be4fd43cff00aedf5b9465c9bf18d64325bc225f08f760",
                "sha256:e3a62f0520172440ca0dcc823749319382e377f37f140a0b99ef45fecb84bfe7"
            ],
            "version": "==4.4.2"
        },
        "imageio": {
            "hashes": [
                "sha256:3604d751f03002e8e0e7650aa71d8d9148144a87daf17cb1f3228e80747f2e6b",
                "sha256:52ddbaeca2dccf53ba2d6dec5676ca7bc3b2403ef8b37f7da78b7654bb3e10f0"
            ],
            "index": "pypi",
            "version": "==2.9.0"
        },
        "kiwisolver": {
            "hashes": [
                "sha256:fccefc0d36a38c57b7bd233a9b485e2f1eb71903ca7ad7adacad6c28a56d62d2",
                "sha256:c955791d80e464da3b471ab41eb65cf5a40c15ce9b001fdc5bbc241170de58ec",
                "sha256:d52b989dc23cdaa92582ceb4af8d5bcc94d74b2c3e64cd6785558ec6a879793e",
                "sha256:38d05c9ecb24eee1246391820ed7137ac42a50209c203c908154782fced90e44",
                "sha256:7cc095a4661bdd8a5742aaf7c10ea9fac142d76ff1770a0f84394038126d8fc7",
                "sha256:be046da49fbc3aa9491cc7296db7e8d27bcf0c3d5d1a40259c10471b014e4e0c",
                "sha256:e586b28354d7b6584d8973656a7954b1c69c93f708c0c07b77884f91640b7657",
                "sha256:443c2320520eda0a5b930b2725b26f6175ca4453c61f739fef7a5847bd262f74",
                "sha256:60a78858580761fe611d22127868f3dc9f98871e6fdf0a15cc4203ed9ba6179b",
                "sha256:63f55f490b958b6299e4e5bdac66ac988c3d11b7fafa522800359075d4fa56d1",
                "sha256:efcf3397ae1e3c3a4a0a0636542bcad5adad3b1dd3e8e629d0b6e201347176c8",
                "sha256:c31bc3c8e903d60a1ea31a754c72559398d91b5929fcb329b1c3a3d3f6e72113",
                "sha256:247800260cd38160c362d211dcaf4ed0f7816afb5efe56544748b21d6ad6d17f",
                "sha256:03662cbd3e6729f341a97dd2690b271e51a67a68322affab12a5b011344b973c",
                "sha256:4eadb361baf3069f278b055e3bb53fa189cea2fd02cb2c353b7a99ebb4477ef1",
                "sha256:18d749f3e56c0480dccd1714230da0f328e6e4accf188dd4e6884bdd06bf02dd",
                "sha256:603162139684ee56bcd57acc74035fceed7dd8d732f38c0959c8bd157f913fec",
                "sha256:556da0a5f60f6486ec4969abbc1dd83cf9b5c2deadc8288508e55c0f5f87d29c",
                "sha256:d069ef4b20b1e6b19f790d00097a5d5d2c50871b66d10075dab78938dc2ee2cf"
            ],
            "markers": "python_version >= '3.6'",
            "version": "==1.2.0"
        },
        "matplotlib": {
            "hashes": [
                "sha256:006413f08ba5db1f5b1e0d6fbdc2ac9058b062ccf552f57182563a78579c34b4",
                "sha256:1ab264770e7cf2cf4feb99f22c737066aef21ddf1ec402dc255450ac15eacb7b",
                "sha256:20bcd11efe194cd302bd0653cb025b8d16bcd80442359bfca8d49dc805f35ec8",
                "sha256:2a6d64336b547e25730b6221e7aadfb01a391a065d43b5f51f0b9d7f673d2dd2",
                "sha256:31d32c83bb2b617377c6156f75e88b9ec2ded289e47ad4ff0f263dc1019d88b1",
                "sha256:3d77a6630d093d74cbbfebaa0571d00790966be1ed204e4a8239f5cbd6835c5d",
                "sha256:4416825ebc9c1f135027a30e8d8aea0edcf45078ce767c7f7386737413cfb98f",
                "sha256:465c752278d27895e23f1379d6fcfa3a2990643b803c25e3bc16a10641d2346a",
                "sha256:647cf232ccf6265d2ba1ac4103e8c8b6ac7b03a40da3421234ffb03dda217f59",
                "sha256:67065d938df34478451af62fbd0670d2b51c4d859fb66673064eb5de8660dd7c",
                "sha256:81de040403a33bf3c68e9d4a40e26c8d24da00f7e3fadd845003b7e106785da7",
                "sha256:894dd47c0a6ce38dc19bc87d1f7e2b0608310b2a18d1572291157450b05ce874",
                "sha256:91c153f4318e3c67c035fd1185f5ea2613f15008b73b66985033033f6fe54bbd",
                "sha256:a47abc48c7b81fe6e636dde8a58e49b13d87d140e0f448213a4879f4a3f73345",
                "sha256:a68e42e22f7fd190a532e4215e142276970c2d54040a0c46842fcb3db8b6ec5b",
                "sha256:da06fa530591a141ffbe1712bbeec784734c3436b40c942d21652f305199b5d9"
            ],
            "index": "pypi",
            "version": "==3.2.2"
        },
        "networkx": {
            "hashes": [
                "sha256:cdfbf698749a5014bf2ed9db4a07a5295df1d3a53bf80bf3cbd61edf9df05fa1",
                "sha256:f8f4ff0b6f96e4f9b16af6b84622597b5334bf9cae8cf9b2e42e7985d5c95c64"
            ],
            "markers": "python_version >= '3.5'",
            "version": "==2.4"
        },
        "numpy": {
            "hashes": [
                "sha256:13af0184177469192d80db9bd02619f6fa8b922f9f327e077d6f2a6acb1ce1c0",
                "sha256:26a45798ca2a4e168d00de75d4a524abf5907949231512f372b217ede3429e98",
                "sha256:26f509450db547e4dfa3ec739419b31edad646d21fb8d0ed0734188b35ff6b27",
                "sha256:30a59fb41bb6b8c465ab50d60a1b298d1cd7b85274e71f38af5a75d6c475d2d2",
                "sha256:33c623ef9ca5e19e05991f127c1be5aeb1ab5cdf30cb1c5cf3960752e58b599b",
                "sha256:356f96c9fbec59974a592452ab6a036cd6f180822a60b529a975c9467fcd5f23",
                "sha256:3c40c827d36c6d1c3cf413694d7dc843d50997ebffbc7c87d888a203ed6403a7",
                "sha256:4d054f013a1983551254e2379385e359884e5af105e3efe00418977d02f634a7",
                "sha256:63d971bb211ad3ca37b2adecdd5365f40f3b741a455beecba70fd0dde8b2a4cb",
                "sha256:658624a11f6e1c252b2cd170d94bf28c8f9410acab9f2fd4369e11e1cd4e1aaf",
                "sha256:76766cc80d6128750075378d3bb7812cf146415bd29b588616f72c943c00d598",
                "sha256:7b57f26e5e6ee2f14f960db46bd58ffdca25ca06dd997729b1b179fddd35f5a3",
                "sha256:7b852817800eb02e109ae4a9cef2beda8dd50d98b76b6cfb7b5c0099d27b52d4",
                "sha256:8cde829f14bd38f6da7b2954be0f2837043e8b8d7a9110ec5e318ae6bf706610",
                "sha256:a2e3a39f43f0ce95204beb8fe0831199542ccab1e0c6e486a0b4947256215632",
                "sha256:a86c962e211f37edd61d6e11bb4df7eddc4a519a38a856e20a6498c319efa6b0",
                "sha256:a8705c5073fe3fcc297fb8e0b31aa794e05af6a329e81b7ca4ffecab7f2b95ef",
                "sha256:b6aaeadf1e4866ca0fdf7bb4eed25e521ae21a7947c59f78154b24fc7abbe1dd",
                "sha256:be62aeff8f2f054eff7725f502f6228298891fd648dc2630e03e44bf63e8cee0",
                "sha256:c2edbb783c841e36ca0fa159f0ae97a88ce8137fb3a6cd82eae77349ba4b607b",
                "sha256:cbe326f6d364375a8e5a8ccb7e9cd73f4b2f6dc3b2ed205633a0db8243e2a96a",
                "sha256:d34fbb98ad0d6b563b95de852a284074514331e6b9da0a9fc894fb1cdae7a79e",
                "sha256:d97a86937cf9970453c3b62abb55a6475f173347b4cde7f8dcdb48c8e1b9952d",
                "sha256:dd53d7c4a69e766e4900f29db5872f5824a06827d594427cf1a4aa542818b796",
                "sha256:df1889701e2dfd8ba4dc9b1a010f0a60950077fb5242bb92c8b5c7f1a6f2668a",
                "sha256:fa1fe75b4a9e18b66ae7f0b122543c42debcf800aaafa0212aaff3ad273c2596"
            ],
            "index": "pypi",
            "version": "==1.19.0"
        },
        "opencv-python": {
            "hashes": [
                "sha256:156e2954d5b38b676e8a24d66703cf15f252e24ec49db7e842a8b5eed46074ba",
                "sha256:1bf486680a16d739f7852a62865b72eb7692df584694815774ba97b471b8bc3f",
                "sha256:1ea08f22246ccd33174d59edfa3f13930bf2c28096568242090bd9d8770fb8a8",
                "sha256:210ab40c8c9dadc7dc9ed7beebe2e0a2415a744f8d6857762a80c8e0fcc477c8",
                "sha256:2ec6502bfac01b27ac06daf7bc9f7a4f482a6a0d8e1b30e15c411d478454a19f",
                "sha256:2fe704e35808cf6b17b793e89fd00e9ef7779f85f274666a4e092671aedd09c0",
                "sha256:4b93b5f8df187e4dba9fb25c46fa8cf342c257de144f7c86d75c06416566a199",
                "sha256:55e1d7a2d11c40ea5b53aabe5c4122038803c7d492505c8f93af077aa7fe2ce1",
                "sha256:677f61332436e22f83a1e4e6f6863a760734fbc8029ba6a8ef0af4554cde6f93",
                "sha256:76ddc6daf8607eda1d866395dcf98526ef96f3e616d8c37ccc7629f9aaf6d4d4",
                "sha256:c4f1e9d963c8f370284afa87fcf521cc8439a610a500bf8ede27fd64dd9050bd",
                "sha256:c93b1198c85175a9fa9a9839c4da55c7ab9c5f57256f2e4211cd6c91d7d422e8",
                "sha256:d765c44827778cbe6bc8f272cd61514e8509b93fd24dd3324cd4abddf2026b11",
                "sha256:eb709245e56f6693d297f8818ff8e6c017fa80fdb5a923c64be623a678c7150e",
                "sha256:ef4ac758a4e2caee80ef9c86b83a279d6f132c9e7ae77957cf74013928814e05",
                "sha256:f67c1d92ff96c6c106f786b7ef9b9ab448fa03ef28cb7bb6f0f7b857b65bc158",
                "sha256:f6fa2834d85c78865ca6e3de563916086cb8c83c3f2ef80924fcd07005f05df9",
                "sha256:fa1a6d149a1a5e0bc54c737a59fe38d75384a092ae5e35f9b876fbb621f755c6",
                "sha256:fd457deedcf153dd6805a2b4d891ac2a0969566d3755fbf48a3ffb53978c9ed1"
            ],
            "index": "pypi",
            "version": "==4.3.0.36"
        },
        "pillow": {
            "hashes": [
                "sha256:0295442429645fa16d05bd567ef5cff178482439c9aad0411d3f0ce9b88b3a6f",
                "sha256:06aba4169e78c439d528fdeb34762c3b61a70813527a2c57f0540541e9f433a8",
                "sha256:09d7f9e64289cb40c2c8d7ad674b2ed6105f55dc3b09aa8e4918e20a0311e7ad",
                "sha256:0a80dd307a5d8440b0a08bd7b81617e04d870e40a3e46a32d9c246e54705e86f",
                "sha256:1ca594126d3c4def54babee699c055a913efb01e106c309fa6b04405d474d5ae",
                "sha256:25930fadde8019f374400f7986e8404c8b781ce519da27792cbe46eabec00c4d",
                "sha256:431b15cffbf949e89df2f7b48528be18b78bfa5177cb3036284a5508159492b5",
                "sha256:52125833b070791fcb5710fabc640fc1df07d087fc0c0f02d3661f76c23c5b8b",
                "sha256:5e51ee2b8114def244384eda1c82b10e307ad9778dac5c83fb0943775a653cd8",
                "sha256:612cfda94e9c8346f239bf1a4b082fdd5c8143cf82d685ba2dba76e7adeeb233",
                "sha256:6d7741e65835716ceea0fd13a7d0192961212fd59e741a46bbed7a473c634ed6",
                "sha256:6edb5446f44d901e8683ffb25ebdfc26988ee813da3bf91e12252b57ac163727",
                "sha256:725aa6cfc66ce2857d585f06e9519a1cc0ef6d13f186ff3447ab6dff0a09bc7f",
                "sha256:8dad18b69f710bf3a001d2bf3afab7c432785d94fcf819c16b5207b1cfd17d38",
                "sha256:94cf49723928eb6070a892cb39d6c156f7b5a2db4e8971cb958f7b6b104fb4c4",
                "sha256:97f9e7953a77d5a70f49b9a48da7776dc51e9b738151b22dacf101641594a626",
                "sha256:9ad7f865eebde135d526bb3163d0b23ffff365cf87e767c649550964ad72785d",
                "sha256:a060cf8aa332052df2158e5a119303965be92c3da6f2d93b6878f0ebca80b2f6",
                "sha256:c79f9c5fb846285f943aafeafda3358992d64f0ef58566e23484132ecd8d7d63",
                "sha256:c92302a33138409e8f1ad16731568c55c9053eee71bb05b6b744067e1b62380f",
                "sha256:d08b23fdb388c0715990cbc06866db554e1822c4bdcf6d4166cf30ac82df8c41",
                "sha256:d350f0f2c2421e65fbc62690f26b59b0bcda1b614beb318c81e38647e0f673a1",
                "sha256:ec29604081f10f16a7aea809ad42e27764188fc258b02259a03a8ff7ded3808d",
                "sha256:edf31f1150778abd4322444c393ab9c7bd2af271dd4dafb4208fb613b1f3cdc9",
                "sha256:f7e30c27477dffc3e85c2463b3e649f751789e0f6c8456099eea7ddd53be4a8a",
                "sha256:ffe538682dc19cc542ae7c3e504fdf54ca7f86fb8a135e59dd6bc8627eae6cce"
            ],
            "index": "pypi",
            "version": "==7.2.0"
        },
        "pyparsing": {
            "hashes": [
                "sha256:c203ec8783bf771a155b207279b9bccb8dea02d8f0c9e5f8ead507bc3246ecc1",
                "sha256:ef9d7589ef3c200abe66653d3f1ab1033c3c419ae9b9bdb1240a85b024efc88b"
            ],
            "markers": "python_version >= '2.6' and python_version not in '3.0, 3.1, 3.2, 3.3'",
            "version": "==2.4.7"
        },
        "python-dateutil": {
            "hashes": [
                "sha256:73ebfe9dbf22e832286dafa60473e4cd239f8592f699aa5adaf10050e6e1823c",
                "sha256:75bb3f31ea686f1197762692a9ee6a7550b59fc6ca3a1f4b5d7e32fb98e2da2a"
            ],
            "markers": "python_version >= '2.7' and python_version not in '3.0, 3.1, 3.2, 3.3'",
            "version": "==2.8.1"
        },
        "pywavelets": {
            "hashes": [
                "sha256:076ca8907001fdfe4205484f719d12b4a0262dfe6652fa1cfc3c5c362d14dc84",
                "sha256:18a51b3f9416a2ae6e9a35c4af32cf520dd7895f2b69714f4aa2f4342fca47f9",
                "sha256:1a64b40f6acb4ffbaccce0545d7fc641744f95351f62e4c6aaa40549326008c9",
                "sha256:35959c041ec014648575085a97b498eafbbaa824f86f6e4a59bfdef8a3fe6308",
                "sha256:55e39ec848ceec13c9fa1598253ae9dd5c31d09dfd48059462860d2b908fb224",
                "sha256:6162dc0ae04669ea04b4b51420777b9ea2d30b0a9d02901b2a3b4d61d159c2e9",
                "sha256:68b5c33741d26c827074b3d8f0251de1c3019bb9567b8d303eb093c822ce28f1",
                "sha256:720dbcdd3d91c6dfead79c80bf8b00a1d8aa4e5d551dc528c6d5151e4efc3403",
                "sha256:7947e51ca05489b85928af52a34fe67022ab5b81d4ae32a4109a99e883a0635e",
                "sha256:79f5b54f9dc353e5ee47f0c3f02bebd2c899d49780633aa771fed43fa20b3149",
                "sha256:80b924edbc012ded8aa8b91cb2fd6207fb1a9a3a377beb4049b8a07445cec6f0",
                "sha256:889d4c5c5205a9c90118c1980df526857929841df33e4cd1ff1eff77c6817a65",
                "sha256:935ff247b8b78bdf77647fee962b1cc208c51a7b229db30b9ba5f6da3e675178",
                "sha256:98b2669c5af842a70cfab33a7043fcb5e7535a690a00cd251b44c9be0be418e5",
                "sha256:9e2528823ccf5a0a1d23262dfefe5034dce89cd84e4e124dc553dfcdf63ebb92",
                "sha256:bc5e87b72371da87c9bebc68e54882aada9c3114e640de180f62d5da95749cd3",
                "sha256:be105382961745f88d8196bba5a69ee2c4455d87ad2a2e5d1eed6bd7fda4d3fd",
                "sha256:c06d2e340c7bf8b9ec71da2284beab8519a3908eab031f4ea126e8ccfc3fd567",
                "sha256:cfe79844526dd92e3ecc9490b5031fca5f8ab607e1e858feba232b1b788ff0ea",
                "sha256:d510aef84d9852653d079c84f2f81a82d5d09815e625f35c95714e7364570ad4",
                "sha256:e02a0558e0c2ac8b8bbe6a6ac18c136767ec56b96a321e0dfde2173adfa5a504"
            ],
            "markers": "python_version >= '3.5'",
            "version": "==1.1.1"
        },
        "rawpy": {
            "hashes": [
                "sha256:0fe87f10cad688d834130103405359aaf64ceb2087d0a7feea2c7f57e9466cba",
                "sha256:1b115494e2045da37fcaec4f499670da83e62ddb68c785e06b3bb38a0b160daf",
                "sha256:6ffa1c58bbaaf1dd4f6fc0fa085875e707a129104b2ccacf338dc821fedfb744",
                "sha256:74b78f66a6045ad457a97f8a80249d83810fa4728b48cbdade603f882432638e",
                "sha256:7c375d572f10bfe3a79cbe46d951701f232018edd510f90824fba6aff020a196",
                "sha256:a642bdab61bae16aa722395bd00992d03f4e8bf4e685bbc46956735546a58613",
                "sha256:a7675e2888323e3ae303e0b520cd9105dfb0b96e6fff000b49e98242a0308341",
                "sha256:a96ce12f11299f4e985b58acd2fac57b328c379880366c9362beb3fe294fd3d7",
                "sha256:b65b382b3ab0e11965660bf5fe000b9340ca44748409066a3070c9297b95769c",
                "sha256:da8b426bf87d61ed9514235a83fa762db54072959526727ceaf282f505855ca6",
                "sha256:e47e46553832f64eeaec6a5e862a09280ec9e4fc517012eb122445ae0088e36d",
                "sha256:f7ad875acc7c58b98b5e051d2e2360180ea2d28c8ab2e86585e2fd6edc85151d"
            ],
            "index": "pypi",
            "version": "==0.14.0"
        },
        "scikit-image": {
            "hashes": [
                "sha256:113bcacdfc839854f527a166a71768708328208e7b66e491050d6a57fa6727c7",
                "sha256:11eec2e65cd4cd6487fe1089aa3538dbe25525aec7a36f5a0f14145df0163ce7",
                "sha256:178210582cc62a5b25c633966658f1f2598615f9c3f27f36cf45055d2a74b401",
                "sha256:1fda9109a19dc9d7a4ac152d1fc226fed7282ad186a099f14c0aa9151f0c758e",
                "sha256:6b65a103edbc34b22640daf3b084dc9e470c358d3298c10aa9e3b424dcc02db6",
                "sha256:7bedd3881ca4fea657a894815bcd5e5bf80944c26274f6b6417bb770c3f4f8e6",
                "sha256:86a834f9a4d30201c0803a48a25364fe8f93f9feb3c58f2c483d3ce0a3e5fe4a",
                "sha256:87ca5168c6fc36b7a298a1db2d185a8298f549854342020f282f747a4e4ddce9",
                "sha256:bd954c0588f0f7e81d9763dc95e06950e68247d540476e06cb77bcbcd8c2d8b3",
                "sha256:c0876e562991b0babff989ff4d00f35067a2ddef82e5fdd895862555ffbaec25",
                "sha256:c5c277704b12e702e34d1f7b7a04d5ee8418735f535d269c74c02c6c9f8abee2",
                "sha256:e99fa7514320011b250a21ab855fdd61ddcc05d3c77ec9e8f13edcc15d3296b5",
                "sha256:ee3db438b5b9f8716a91ab26a61377a8a63356b186706f5b979822cc7241006d"
            ],
            "index": "pypi",
            "version": "==0.17.2"
        },
        "scipy": {
            "hashes": [
                "sha256:039572f0ca9578a466683558c5bf1e65d442860ec6e13307d528749cfe6d07b8",
                "sha256:058e84930407927f71963a4ad8c1dc96c4d2d075636a68578195648c81f78810",
                "sha256:06b19a650471781056c1a2172eeeeb777b8b516e9434005dd392a4559e0938b9",
                "sha256:35d042d6499caf1a5d171baed0ebf01eb665b7af2ad98a8ff1b0e6e783654540",
                "sha256:57a0f2be3063dbe1e3daf31ec9005576e8fd1022a28159d0db71d14566899d16",
                "sha256:5e0bb43ff581811ab7f27425f6b96c1ddf7591ccad2e486c9af0b910c18f7185",
                "sha256:71742889393a724dfce755b6b61228677873d269a4234e51ddaf08b998433c91",
                "sha256:7908c85854c5b5b6d3ce7fefafac1ca3e23ff9ac41edabc2d46ae5dc9fa070ac",
                "sha256:81859ed3aad620752dd2c07c32b5d3a80a0d47c5e3813904621954a78a0ae899",
                "sha256:8302d69fb1528ea7c7f2a1ea640d354c981b6eb8192d1c175349874209397604",
                "sha256:9323d268775991b79690f7b9a28a4e8b8c4f2b160ed9f8a90123127314e2d3c1",
                "sha256:b4858ccbd88f4b53950fb9fc0069c1d9fea83d7cff2382e1d8b023d3f4883014",
                "sha256:c05c6fe76228cc13c5214e9faf5f2a871a1da54473bc417ab9da310d0e5fff8b",
                "sha256:c06e731aa46c0dfc563cc636155758178ebc019ef78b9b0f4370effe2ac0f0e6",
                "sha256:eb46d8b5947ca27b0bc972cecfba8130f088a83ab3d08c1a6033d9070b3046b3",
                "sha256:fff15df01bef1243468be60c55178ed7576270b200aab08a7ffd5b8e0bbc340c"
            ],
            "markers": "python_version >= '3.6'",
            "version": "==1.5.1"
        },
        "six": {
            "hashes": [
                "sha256:30639c035cdb23534cd4aa2dd52c3bf48f06e5f4a941509c8bafd8ce11080259",
                "sha256:8b74bedcbbbaca38ff6d7491d76f2b06b3592611af620f8426e82dddb04a5ced"
            ],
            "markers": "python_version >= '2.7' and python_version not in '3.0, 3.1, 3.2, 3.3'",
            "version": "==1.15.0"
        },
        "tifffile": {
            "hashes": [
                "sha256:04b38f5a60b0d2727dca5682f9a09f569a9424ce4b18481b07bfc5d800bac6ec",
                "sha256:d7e56b9983e2e14716feaee560022baa8f92e97f36df7eee8b10e672383f694c"
            ],
            "index": "pypi",
            "version": "==2020.7.4"
        }
    },
    "develop": {}
}
